PODS:
  - Alamofire (5.0.0-rc.3)
  - JVFloatLabeledTextField (1.2.2)
  - Kingfisher (5.9.0):
    - Kingfisher/Core (= 5.9.0)
  - Kingfisher/Core (5.9.0)
  - SimpleRoundedButton (1.0)

DEPENDENCIES:
  - Alamofire (~> 5.0.0-rc.3)
  - JVFloatLabeledTextField
  - Kingfisher (~> 5.9)
  - SimpleRoundedButton

SPEC REPOS:
  trunk:
    - Alamofire
    - JVFloatLabeledTextField
    - Kingfisher
    - SimpleRoundedButton

SPEC CHECKSUMS:
  Alamofire: ca8c0de6906873be89d6deec5c8de279e00bf872
  JVFloatLabeledTextField: df48598472ee015701d509f43e59492a0d4ca208
  Kingfisher: ff98240aebb7302bdc4f1ecd701761030ce18b16
  SimpleRoundedButton: d7f2be107afb25c56149f4c0df541169ca6af48c

PODFILE CHECKSUM: e096c2f25121fd10eae9ee096cd08854431b9c04

COCOAPODS: 1.8.4
